
Microsoft Visual Studio Solution File, Format Version 12.00
# Visual Studio 15
VisualStudioVersion = 15.0.26730.16
MinimumVisualStudioVersion = 10.0.40219.1
Project("{FAE04EC0-301F-11D3-BF4B-00C04F79EFBC}") = "MusicApp", "MusicApp\MusicApp.csproj", "{7948F366-1F54-4522-B7FA-0C3CA23E459F}"
EndProject
Global
	GlobalSection(SolutionConfigurationPlatforms) = preSolution
		Debug|Any CPU = Debug|Any CPU
		Release|Any CPU = Release|Any CPU
	EndGlobalSection
	GlobalSection(ProjectConfigurationPlatforms) = postSolution
		{7948F366-1F54-4522-B7FA-0C3CA23E459F}.Debug|Any CPU.ActiveCfg = Debug|Any CPU
		{7948F366-1F54-4522-B7FA-0C3CA23E459F}.Debug|Any CPU.Build.0 = Debug|Any CPU
		{7948F366-1F54-4522-B7FA-0C3CA23E459F}.Release|Any CPU.ActiveCfg = Release|Any CPU
		{7948F366-1F54-4522-B7FA-0C3CA23E459F}.Release|Any CPU.Build.0 = Release|Any CPU
	EndGlobalSection
	GlobalSection(SolutionProperties) = preSolution
		HideSolutionNode = FALSE
	EndGlobalSection
	GlobalSection(ExtensibilityGlobals) = postSolution
		SolutionGuid = {C98B982A-C546-465E-BE7D-F87F42B4C0F1}
	EndGlobalSection
EndGlobal
